{
  "name": "@allium/emulator",
  "version": "0.4.0",
  "lockfileVersion": 1,
  "requires": true,
  "dependencies": {
    "@allium/arch": {
      "version": "file:../arch",
      "requires": {
        "@allium/io-bus": "file:../io-bus",
        "@allium/types": "file:../types"
      },
      "dependencies": {
        "@allium/io-bus": {
          "version": "file:../io-bus",
          "requires": {
            "@allium/types": "file:../types"
          },
          "dependencies": {
            "@allium/types": {
              "version": "file:../types"
            }
          }
        },
        "@allium/types": {
          "version": "file:../types"
        }
      }
    },
    "@allium/types": {
      "version": "file:../types"
    }
  }
}
